
Microsoft Visual Studio Solution File, Format Version 12.00
# Visual Studio Version 16
VisualStudioVersion = 16.0.29403.142
MinimumVisualStudioVersion = 10.0.40219.1
Project("{9A19103F-16F7-4668-BE54-9A1E7A4F7556}") = "FluentResults", "FluentResults\FluentResults.csproj", "{E8FF223C-41DD-4527-9A53-78F1B1889F74}"
EndProject
Project("{9A19103F-16F7-4668-BE54-9A1E7A4F7556}") = "FluentResults.Test", "FluentResults.Test\FluentResults.Test.csproj", "{7932AE48-8B14-4DCF-BFE2-5778F68E9D44}"
EndProject
Project("{2150E333-8FDC-42A3-9474-1A3956D46DE8}") = "Solution Items", "Solution Items", "{9F5B3FEF-160F-4FA8-8792-6E8B1C5BAF5C}"
	ProjectSection(SolutionItems) = preProject
		..\README.md = ..\README.md
	EndProjectSection
EndProject
Project("{FAE04EC0-301F-11D3-BF4B-00C04F79EFBC}") = "FluentResults.Tests", "FluentResults.Tests\FluentResults.Tests.csproj", "{179FDF8F-8903-42C1-8713-C31735A3040D}"
EndProject
Global
	GlobalSection(SolutionConfigurationPlatforms) = preSolution
		Debug|Any CPU = Debug|Any CPU
		Release|Any CPU = Release|Any CPU
	EndGlobalSection
	GlobalSection(ProjectConfigurationPlatforms) = postSolution
		{E8FF223C-41DD-4527-9A53-78F1B1889F74}.Debug|Any CPU.ActiveCfg = Debug|Any CPU
		{E8FF223C-41DD-4527-9A53-78F1B1889F74}.Debug|Any CPU.Build.0 = Debug|Any CPU
		{E8FF223C-41DD-4527-9A53-78F1B1889F74}.Release|Any CPU.ActiveCfg = Release|Any CPU
		{E8FF223C-41DD-4527-9A53-78F1B1889F74}.Release|Any CPU.Build.0 = Release|Any CPU
		{7932AE48-8B14-4DCF-BFE2-5778F68E9D44}.Debug|Any CPU.ActiveCfg = Debug|Any CPU
		{7932AE48-8B14-4DCF-BFE2-5778F68E9D44}.Debug|Any CPU.Build.0 = Debug|Any CPU
		{7932AE48-8B14-4DCF-BFE2-5778F68E9D44}.Release|Any CPU.ActiveCfg = Release|Any CPU
		{7932AE48-8B14-4DCF-BFE2-5778F68E9D44}.Release|Any CPU.Build.0 = Release|Any CPU
		{179FDF8F-8903-42C1-8713-C31735A3040D}.Debug|Any CPU.ActiveCfg = Debug|Any CPU
		{179FDF8F-8903-42C1-8713-C31735A3040D}.Debug|Any CPU.Build.0 = Debug|Any CPU
		{179FDF8F-8903-42C1-8713-C31735A3040D}.Release|Any CPU.ActiveCfg = Release|Any CPU
		{179FDF8F-8903-42C1-8713-C31735A3040D}.Release|Any CPU.Build.0 = Release|Any CPU
	EndGlobalSection
	GlobalSection(SolutionProperties) = preSolution
		HideSolutionNode = FALSE
	EndGlobalSection
	GlobalSection(ExtensibilityGlobals) = postSolution
		SolutionGuid = {7E72B99C-F2F9-4E6C-BC97-82135CE39EB2}
	EndGlobalSection
EndGlobal
